
Microsoft Visual Studio Solution File, Format Version 12.00
# Visual Studio 15
VisualStudioVersion = 15.0.28010.2016
MinimumVisualStudioVersion = 10.0.40219.1
Project("{FAE04EC0-301F-11D3-BF4B-00C04F79EFBC}") = "TodoList", "TodoList\TodoList.csproj", "{DD51AE44-7783-4C06-8E79-2F979B141A1E}"
EndProject
Global
	GlobalSection(SolutionConfigurationPlatforms) = preSolution
		Debug|Any CPU = Debug|Any CPU
		Release|Any CPU = Release|Any CPU
	EndGlobalSection
	GlobalSection(ProjectConfigurationPlatforms) = postSolution
		{DD51AE44-7783-4C06-8E79-2F979B141A1E}.Debug|Any CPU.ActiveCfg = Debug|Any CPU
		{DD51AE44-7783-4C06-8E79-2F979B141A1E}.Debug|Any CPU.Build.0 = Debug|Any CPU
		{DD51AE44-7783-4C06-8E79-2F979B141A1E}.Release|Any CPU.ActiveCfg = Release|Any CPU
		{DD51AE44-7783-4C06-8E79-2F979B141A1E}.Release|Any CPU.Build.0 = Release|Any CPU
	EndGlobalSection
	GlobalSection(SolutionProperties) = preSolution
		HideSolutionNode = FALSE
	EndGlobalSection
	GlobalSection(ExtensibilityGlobals) = postSolution
		SolutionGuid = {25F639CC-5DCB-48C4-9171-A82F73758CE3}
	EndGlobalSection
EndGlobal
